
Microsoft Visual Studio Solution File, Format Version 11.00
# Visual Studio 2010
Project("{FAE04EC0-301F-11D3-BF4B-00C04F79EFBC}") = "HTT", "Assembly-CSharp-firstpass.csproj", "{08218E92-E742-5E95-690F-D8159639CDF8}"
EndProject
Project("{FAE04EC0-301F-11D3-BF4B-00C04F79EFBC}") = "HTT", "Assembly-CSharp.csproj", "{4086379C-4F54-CCFF-C102-34BB8BB0DF0C}"
EndProject
Project("{FAE04EC0-301F-11D3-BF4B-00C04F79EFBC}") = "HTT", "Assembly-CSharp-Editor-firstpass.csproj", "{4275FD0D-D1FD-42F6-6749-8215D98BB322}"
EndProject
Global
	GlobalSection(SolutionConfigurationPlatforms) = preSolution
		Debug|Any CPU = Debug|Any CPU
		Release|Any CPU = Release|Any CPU
	EndGlobalSection
	GlobalSection(ProjectConfigurationPlatforms) = postSolution
		{08218E92-E742-5E95-690F-D8159639CDF8}.Debug|Any CPU.ActiveCfg = Debug|Any CPU
		{08218E92-E742-5E95-690F-D8159639CDF8}.Debug|Any CPU.Build.0 = Debug|Any CPU
		{08218E92-E742-5E95-690F-D8159639CDF8}.Release|Any CPU.ActiveCfg = Release|Any CPU
		{08218E92-E742-5E95-690F-D8159639CDF8}.Release|Any CPU.Build.0 = Release|Any CPU
		{4086379C-4F54-CCFF-C102-34BB8BB0DF0C}.Debug|Any CPU.ActiveCfg = Debug|Any CPU
		{4086379C-4F54-CCFF-C102-34BB8BB0DF0C}.Debug|Any CPU.Build.0 = Debug|Any CPU
		{4086379C-4F54-CCFF-C102-34BB8BB0DF0C}.Release|Any CPU.ActiveCfg = Release|Any CPU
		{4086379C-4F54-CCFF-C102-34BB8BB0DF0C}.Release|Any CPU.Build.0 = Release|Any CPU
		{4275FD0D-D1FD-42F6-6749-8215D98BB322}.Debug|Any CPU.ActiveCfg = Debug|Any CPU
		{4275FD0D-D1FD-42F6-6749-8215D98BB322}.Debug|Any CPU.Build.0 = Debug|Any CPU
		{4275FD0D-D1FD-42F6-6749-8215D98BB322}.Release|Any CPU.ActiveCfg = Release|Any CPU
		{4275FD0D-D1FD-42F6-6749-8215D98BB322}.Release|Any CPU.Build.0 = Release|Any CPU
	EndGlobalSection
	GlobalSection(SolutionProperties) = preSolution
		HideSolutionNode = FALSE
	EndGlobalSection
	GlobalSection(MonoDevelopProperties) = preSolution
		StartupItem = Assembly-CSharp.csproj
	EndGlobalSection
EndGlobal
